// !$*UTF8*$!
{
	archiveVersion = 1;
	classes = {
	};
	objectVersion = 46;
	objects = {

/* Begin PBXBuildFile section */
		BA5187211B7EA55B000FD395 /* AppDelegate.swift in Sources */ = {isa = PBXBuildFile; fileRef = BA5187201B7EA55B000FD395 /* AppDelegate.swift */; };
		BA5187231B7EA55B000FD395 /* ViewController.swift in Sources */ = {isa = PBXBuildFile; fileRef = BA5187221B7EA55B000FD395 /* ViewController.swift */; };
		BA51872B1B7EA55B000FD395 /* LaunchScreen.storyboard in Resources */ = {isa = PBXBuildFile; fileRef = BA5187291B7EA55B000FD395 /* LaunchScreen.storyboard */; };
		BA5187361B7EA55B000FD395 /* FlexibleHeightBarDemoTests.swift in Sources */ = {isa = PBXBuildFile; fileRef = BA5187351B7EA55B000FD395 /* FlexibleHeightBarDemoTests.swift */; };
		BA5187411B7EA55B000FD395 /* FlexibleHeightBarDemoUITests.swift in Sources */ = {isa = PBXBuildFile; fileRef = BA5187401B7EA55B000FD395 /* FlexibleHeightBarDemoUITests.swift */; };
		BA51875C1B7EA597000FD395 /* CALayer+XibConfiguration.swift in Sources */ = {isa = PBXBuildFile; fileRef = BA51874E1B7EA597000FD395 /* CALayer+XibConfiguration.swift */; };
		BA51875D1B7EA597000FD395 /* FacebookBarBehaviorDefiner.swift in Sources */ = {isa = PBXBuildFile; fileRef = BA51874F1B7EA597000FD395 /* FacebookBarBehaviorDefiner.swift */; };
		BA51875E1B7EA597000FD395 /* FacebookFlexibleHeightBar.swift in Sources */ = {isa = PBXBuildFile; fileRef = BA5187501B7EA597000FD395 /* FacebookFlexibleHeightBar.swift */; };
		BA51875F1B7EA597000FD395 /* FacebookFlexibleHeightBar.xib in Resources */ = {isa = PBXBuildFile; fileRef = BA5187511B7EA597000FD395 /* FacebookFlexibleHeightBar.xib */; };
		BA5187601B7EA597000FD395 /* FacebookStyleViewController.swift in Sources */ = {isa = PBXBuildFile; fileRef = BA5187521B7EA597000FD395 /* FacebookStyleViewController.swift */; };
		BA5187611B7EA597000FD395 /* FlexibleHeightBar.swift in Sources */ = {isa = PBXBuildFile; fileRef = BA5187531B7EA597000FD395 /* FlexibleHeightBar.swift */; };
		BA5187621B7EA597000FD395 /* FlexibleHeightBarBehaviorDefiner.swift in Sources */ = {isa = PBXBuildFile; fileRef = BA5187541B7EA597000FD395 /* FlexibleHeightBarBehaviorDefiner.swift */; };
		BA5187631B7EA597000FD395 /* FlexibleHeightBarSubviewLayoutAttributes.swift in Sources */ = {isa = PBXBuildFile; fileRef = BA5187551B7EA597000FD395 /* FlexibleHeightBarSubviewLayoutAttributes.swift */; };
		BA5187641B7EA597000FD395 /* SquareCashBarBehaviorDefiner.swift in Sources */ = {isa = PBXBuildFile; fileRef = BA5187561B7EA597000FD395 /* SquareCashBarBehaviorDefiner.swift */; };
		BA5187651B7EA597000FD395 /* SquareCashFlexibleHeightBar.swift in Sources */ = {isa = PBXBuildFile; fileRef = BA5187571B7EA597000FD395 /* SquareCashFlexibleHeightBar.swift */; };
		BA5187661B7EA597000FD395 /* SquareCashFlexibleHeightBar.xib in Resources */ = {isa = PBXBuildFile; fileRef = BA5187581B7EA597000FD395 /* SquareCashFlexibleHeightBar.xib */; };
		BA5187671B7EA597000FD395 /* SquareCashStyleViewController.swift in Sources */ = {isa = PBXBuildFile; fileRef = BA5187591B7EA597000FD395 /* SquareCashStyleViewController.swift */; };
		BA5187681B7EA597000FD395 /* TableViewDataSourceHandler.swift in Sources */ = {isa = PBXBuildFile; fileRef = BA51875A1B7EA597000FD395 /* TableViewDataSourceHandler.swift */; };
		BA5187691B7EA597000FD395 /* TableViewDelegateHandler.swift in Sources */ = {isa = PBXBuildFile; fileRef = BA51875B1B7EA597000FD395 /* TableViewDelegateHandler.swift */; };
		BA51876B1B7EA622000FD395 /* Main.storyboard in Resources */ = {isa = PBXBuildFile; fileRef = BA51876A1B7EA622000FD395 /* Main.storyboard */; };
		BA51876D1B7EA647000FD395 /* Assets.xcassets in Resources */ = {isa = PBXBuildFile; fileRef = BA51876C1B7EA647000FD395 /* Assets.xcassets */; };
/* End PBXBuildFile section */

/* Begin PBXContainerItemProxy section */
		BA5187321B7EA55B000FD395 /* PBXContainerItemProxy */ = {
			isa = PBXContainerItemProxy;
			containerPortal = BA5187151B7EA55B000FD395 /* Project object */;
			proxyType = 1;
			remoteGlobalIDString = BA51871C1B7EA55B000FD395;
			remoteInfo = FlexibleHeightBarDemo;
		};
		BA51873D1B7EA55B000FD395 /* PBXContainerItemProxy */ = {
			isa = PBXContainerItemProxy;
			containerPortal = BA5187151B7EA55B000FD395 /* Project object */;
			proxyType = 1;
			remoteGlobalIDString = BA51871C1B7EA55B000FD395;
			remoteInfo = FlexibleHeightBarDemo;
		};
/* End PBXContainerItemProxy section */

/* Begin PBXFileReference section */
		BA51871D1B7EA55B000FD395 /* FlexibleHeightBarDemo.app */ = {isa = PBXFileReference; explicitFileType = wrapper.application; includeInIndex = 0; path = FlexibleHeightBarDemo.app; sourceTree = BUILT_PRODUCTS_DIR; };
		BA5187201B7EA55B000FD395 /* AppDelegate.swift */ = {isa = PBXFileReference; lastKnownFileType = sourcecode.swift; path = AppDelegate.swift; sourceTree = "<group>"; };
		BA5187221B7EA55B000FD395 /* ViewController.swift */ = {isa = PBXFileReference; lastKnownFileType = sourcecode.swift; path = ViewController.swift; sourceTree = "<group>"; };
		BA51872A1B7EA55B000FD395 /* Base */ = {isa = PBXFileReference; lastKnownFileType = file.storyboard; name = Base; path = Base.lproj/LaunchScreen.storyboard; sourceTree = "<group>"; };
		BA51872C1B7EA55B000FD395 /* Info.plist */ = {isa = PBXFileReference; lastKnownFileType = text.plist.xml; path = Info.plist; sourceTree = "<group>"; };
		BA5187311B7EA55B000FD395 /* FlexibleHeightBarDemoTests.xctest */ = {isa = PBXFileReference; explicitFileType = wrapper.cfbundle; includeInIndex = 0; path = FlexibleHeightBarDemoTests.xctest; sourceTree = BUILT_PRODUCTS_DIR; };
		BA5187351B7EA55B000FD395 /* FlexibleHeightBarDemoTests.swift */ = {isa = PBXFileReference; lastKnownFileType = sourcecode.swift; path = FlexibleHeightBarDemoTests.swift; sourceTree = "<group>"; };
		BA5187371B7EA55B000FD395 /* Info.plist */ = {isa = PBXFileReference; lastKnownFileType = text.plist.xml; path = Info.plist; sourceTree = "<group>"; };
		BA51873C1B7EA55B000FD395 /* FlexibleHeightBarDemoUITests.xctest */ = {isa = PBXFileReference; explicitFileType = wrapper.cfbundle; includeInIndex = 0; path = FlexibleHeightBarDemoUITests.xctest; sourceTree = BUILT_PRODUCTS_DIR; };
		BA5187401B7EA55B000FD395 /* FlexibleHeightBarDemoUITests.swift */ = {isa = PBXFileReference; lastKnownFileType = sourcecode.swift; path = FlexibleHeightBarDemoUITests.swift; sourceTree = "<group>"; };
		BA5187421B7EA55B000FD395 /* Info.plist */ = {isa = PBXFileReference; lastKnownFileType = text.plist.xml; path = Info.plist; sourceTree = "<group>"; };
		BA51874E1B7EA597000FD395 /* CALayer+XibConfiguration.swift */ = {isa = PBXFileReference; fileEncoding = 4; lastKnownFileType = sourcecode.swift; path = "CALayer+XibConfiguration.swift"; sourceTree = "<group>"; };
		BA51874F1B7EA597000FD395 /* FacebookBarBehaviorDefiner.swift */ = {isa = PBXFileReference; fileEncoding = 4; lastKnownFileType = sourcecode.swift; path = FacebookBarBehaviorDefiner.swift; sourceTree = "<group>"; };
		BA5187501B7EA597000FD395 /* FacebookFlexibleHeightBar.swift */ = {isa = PBXFileReference; fileEncoding = 4; lastKnownFileType = sourcecode.swift; path = FacebookFlexibleHeightBar.swift; sourceTree = "<group>"; };
		BA5187511B7EA597000FD395 /* FacebookFlexibleHeightBar.xib */ = {isa = PBXFileReference; fileEncoding = 4; lastKnownFileType = file.xib; path = FacebookFlexibleHeightBar.xib; sourceTree = "<group>"; };
		BA5187521B7EA597000FD395 /* FacebookStyleViewController.swift */ = {isa = PBXFileReference; fileEncoding = 4; lastKnownFileType = sourcecode.swift; path = FacebookStyleViewController.swift; sourceTree = "<group>"; };
		BA5187531B7EA597000FD395 /* FlexibleHeightBar.swift */ = {isa = PBXFileReference; fileEncoding = 4; lastKnownFileType = sourcecode.swift; path = FlexibleHeightBar.swift; sourceTree = "<group>"; };
		BA5187541B7EA597000FD395 /* FlexibleHeightBarBehaviorDefiner.swift */ = {isa = PBXFileReference; fileEncoding = 4; lastKnownFileType = sourcecode.swift; path = FlexibleHeightBarBehaviorDefiner.swift; sourceTree = "<group>"; };
		BA5187551B7EA597000FD395 /* FlexibleHeightBarSubviewLayoutAttributes.swift */ = {isa = PBXFileReference; fileEncoding = 4; lastKnownFileType = sourcecode.swift; path = FlexibleHeightBarSubviewLayoutAttributes.swift; sourceTree = "<group>"; };
		BA5187561B7EA597000FD395 /* SquareCashBarBehaviorDefiner.swift */ = {isa = PBXFileReference; fileEncoding = 4; lastKnownFileType = sourcecode.swift; path = SquareCashBarBehaviorDefiner.swift; sourceTree = "<group>"; };
		BA5187571B7EA597000FD395 /* SquareCashFlexibleHeightBar.swift */ = {isa = PBXFileReference; fileEncoding = 4; lastKnownFileType = sourcecode.swift; path = SquareCashFlexibleHeightBar.swift; sourceTree = "<group>"; };
		BA5187581B7EA597000FD395 /* SquareCashFlexibleHeightBar.xib */ = {isa = PBXFileReference; fileEncoding = 4; lastKnownFileType = file.xib; path = SquareCashFlexibleHeightBar.xib; sourceTree = "<group>"; };
		BA5187591B7EA597000FD395 /* SquareCashStyleViewController.swift */ = {isa = PBXFileReference; fileEncoding = 4; lastKnownFileType = sourcecode.swift; path = SquareCashStyleViewController.swift; sourceTree = "<group>"; };
		BA51875A1B7EA597000FD395 /* TableViewDataSourceHandler.swift */ = {isa = PBXFileReference; fileEncoding = 4; lastKnownFileType = sourcecode.swift; path = TableViewDataSourceHandler.swift; sourceTree = "<group>"; };
		BA51875B1B7EA597000FD395 /* TableViewDelegateHandler.swift */ = {isa = PBXFileReference; fileEncoding = 4; lastKnownFileType = sourcecode.swift; path = TableViewDelegateHandler.swift; sourceTree = "<group>"; };
		BA51876A1B7EA622000FD395 /* Main.storyboard */ = {isa = PBXFileReference; fileEncoding = 4; lastKnownFileType = file.storyboard; path = Main.storyboard; sourceTree = "<group>"; };
		BA51876C1B7EA647000FD395 /* Assets.xcassets */ = {isa = PBXFileReference; lastKnownFileType = folder.assetcatalog; path = Assets.xcassets; sourceTree = "<group>"; };
/* End PBXFileReference section */

/* Begin PBXFrameworksBuildPhase section */
		BA51871A1B7EA55B000FD395 /* Frameworks */ = {
			isa = PBXFrameworksBuildPhase;
			buildActionMask = 2147483647;
			files = (
			);
			runOnlyForDeploymentPostprocessing = 0;
		};
		BA51872E1B7EA55B000FD395 /* Frameworks */ = {
			isa = PBXFrameworksBuildPhase;
			buildActionMask = 2147483647;
			files = (
			);
			runOnlyForDeploymentPostprocessing = 0;
		};
		BA5187391B7EA55B000FD395 /* Frameworks */ = {
			isa = PBXFrameworksBuildPhase;
			buildActionMask = 2147483647;
			files = (
			);
			runOnlyForDeploymentPostprocessing = 0;
		};
/* End PBXFrameworksBuildPhase section */

/* Begin PBXGroup section */
		BA5187141B7EA55B000FD395 = {
			isa = PBXGroup;
			children = (
				BA51871F1B7EA55B000FD395 /* FlexibleHeightBarDemo */,
				BA5187341B7EA55B000FD395 /* FlexibleHeightBarDemoTests */,
				BA51873F1B7EA55B000FD395 /* FlexibleHeightBarDemoUITests */,
				BA51871E1B7EA55B000FD395 /* Products */,
			);
			sourceTree = "<group>";
		};
		BA51871E1B7EA55B000FD395 /* Products */ = {
			isa = PBXGroup;
			children = (
				BA51871D1B7EA55B000FD395 /* FlexibleHeightBarDemo.app */,
				BA5187311B7EA55B000FD395 /* FlexibleHeightBarDemoTests.xctest */,
				BA51873C1B7EA55B000FD395 /* FlexibleHeightBarDemoUITests.xctest */,
			);
			name = Products;
			sourceTree = "<group>";
		};
		BA51871F1B7EA55B000FD395 /* FlexibleHeightBarDemo */ = {
			isa = PBXGroup;
			children = (
				BA51876E1B7EA678000FD395 /* Delegates */,
				BA51876F1B7EA68C000FD395 /* View Controllers */,
				BA5187751B7EA6F7000FD395 /* Views */,
				BA51876C1B7EA647000FD395 /* Assets.xcassets */,
				BA51872C1B7EA55B000FD395 /* Info.plist */,
			);
			path = FlexibleHeightBarDemo;
			sourceTree = "<group>";
		};
		BA5187341B7EA55B000FD395 /* FlexibleHeightBarDemoTests */ = {
			isa = PBXGroup;
			children = (
				BA5187351B7EA55B000FD395 /* FlexibleHeightBarDemoTests.swift */,
				BA5187371B7EA55B000FD395 /* Info.plist */,
			);
			path = FlexibleHeightBarDemoTests;
			sourceTree = "<group>";
		};
		BA51873F1B7EA55B000FD395 /* FlexibleHeightBarDemoUITests */ = {
			isa = PBXGroup;
			children = (
				BA5187401B7EA55B000FD395 /* FlexibleHeightBarDemoUITests.swift */,
				BA5187421B7EA55B000FD395 /* Info.plist */,
			);
			path = FlexibleHeightBarDemoUITests;
			sourceTree = "<group>";
		};
		BA51876E1B7EA678000FD395 /* Delegates */ = {
			isa = PBXGroup;
			children = (
				BA5187201B7EA55B000FD395 /* AppDelegate.swift */,
				BA51875A1B7EA597000FD395 /* TableViewDataSourceHandler.swift */,
				BA51875B1B7EA597000FD395 /* TableViewDelegateHandler.swift */,
			);
			name = Delegates;
			sourceTree = "<group>";
		};
		BA51876F1B7EA68C000FD395 /* View Controllers */ = {
			isa = PBXGroup;
			children = (
				BA5187221B7EA55B000FD395 /* ViewController.swift */,
				BA5187521B7EA597000FD395 /* FacebookStyleViewController.swift */,
				BA5187591B7EA597000FD395 /* SquareCashStyleViewController.swift */,
			);
			name = "View Controllers";
			sourceTree = "<group>";
		};
		BA5187701B7EA69A000FD395 /* Extensions */ = {
			isa = PBXGroup;
			children = (
				BA51874E1B7EA597000FD395 /* CALayer+XibConfiguration.swift */,
			);
			name = Extensions;
			sourceTree = "<group>";
		};
		BA5187711B7EA6AE000FD395 /* FlexibleHeightBar Base */ = {
			isa = PBXGroup;
			children = (
				BA5187701B7EA69A000FD395 /* Extensions */,
				BA5187531B7EA597000FD395 /* FlexibleHeightBar.swift */,
				BA5187541B7EA597000FD395 /* FlexibleHeightBarBehaviorDefiner.swift */,
				BA5187551B7EA597000FD395 /* FlexibleHeightBarSubviewLayoutAttributes.swift */,
			);
			name = "FlexibleHeightBar Base";
			sourceTree = "<group>";
		};
		BA5187721B7EA6BF000FD395 /* Facebook Bar */ = {
			isa = PBXGroup;
			children = (
				BA51874F1B7EA597000FD395 /* FacebookBarBehaviorDefiner.swift */,
				BA5187501B7EA597000FD395 /* FacebookFlexibleHeightBar.swift */,
				BA5187511B7EA597000FD395 /* FacebookFlexibleHeightBar.xib */,
			);
			name = "Facebook Bar";
			sourceTree = "<group>";
		};
		BA5187731B7EA6D0000FD395 /* Square Cash Bar */ = {
			isa = PBXGroup;
			children = (
				BA5187561B7EA597000FD395 /* SquareCashBarBehaviorDefiner.swift */,
				BA5187571B7EA597000FD395 /* SquareCashFlexibleHeightBar.swift */,
				BA5187581B7EA597000FD395 /* SquareCashFlexibleHeightBar.xib */,
			);
			name = "Square Cash Bar";
			sourceTree = "<group>";
		};
		BA5187741B7EA6D9000FD395 /* Flexible Height Bar */ = {
			isa = PBXGroup;
			children = (
				BA5187711B7EA6AE000FD395 /* FlexibleHeightBar Base */,
				BA5187721B7EA6BF000FD395 /* Facebook Bar */,
				BA5187731B7EA6D0000FD395 /* Square Cash Bar */,
			);
			name = "Flexible Height Bar";
			sourceTree = "<group>";
		};
		BA5187751B7EA6F7000FD395 /* Views */ = {
			isa = PBXGroup;
			children = (
				BA5187741B7EA6D9000FD395 /* Flexible Height Bar */,
				BA51876A1B7EA622000FD395 /* Main.storyboard */,
				BA5187291B7EA55B000FD395 /* LaunchScreen.storyboard */,
			);
			name = Views;
			sourceTree = "<group>";
		};
/* End PBXGroup section */

/* Begin PBXNativeTarget section */
		BA51871C1B7EA55B000FD395 /* FlexibleHeightBarDemo */ = {
			isa = PBXNativeTarget;
			buildConfigurationList = BA5187451B7EA55B000FD395 /* Build configuration list for PBXNativeTarget "FlexibleHeightBarDemo" */;
			buildPhases = (
				BA5187191B7EA55B000FD395 /* Sources */,
				BA51871A1B7EA55B000FD395 /* Frameworks */,
				BA51871B1B7EA55B000FD395 /* Resources */,
			);
			buildRules = (
			);
			dependencies = (
			);
			name = FlexibleHeightBarDemo;
			productName = FlexibleHeightBarDemo;
			productReference = BA51871D1B7EA55B000FD395 /* FlexibleHeightBarDemo.app */;
			productType = "com.apple.product-type.application";
		};
		BA5187301B7EA55B000FD395 /* FlexibleHeightBarDemoTests */ = {
			isa = PBXNativeTarget;
			buildConfigurationList = BA5187481B7EA55B000FD395 /* Build configuration list for PBXNativeTarget "FlexibleHeightBarDemoTests" */;
			buildPhases = (
				BA51872D1B7EA55B000FD395 /* Sources */,
				BA51872E1B7EA55B000FD395 /* Frameworks */,
				BA51872F1B7EA55B000FD395 /* Resources */,
			);
			buildRules = (
			);
			dependencies = (
				BA5187331B7EA55B000FD395 /* PBXTargetDependency */,
			);
			name = FlexibleHeightBarDemoTests;
			productName = FlexibleHeightBarDemoTests;
			productReference = BA5187311B7EA55B000FD395 /* FlexibleHeightBarDemoTests.xctest */;
			productType = "com.apple.product-type.bundle.unit-test";
		};
		BA51873B1B7EA55B000FD395 /* FlexibleHeightBarDemoUITests */ = {
			isa = PBXNativeTarget;
			buildConfigurationList = BA51874B1B7EA55B000FD395 /* Build configuration list for PBXNativeTarget "FlexibleHeightBarDemoUITests" */;
			buildPhases = (
				BA5187381B7EA55B000FD395 /* Sources */,
				BA5187391B7EA55B000FD395 /* Frameworks */,
				BA51873A1B7EA55B000FD395 /* Resources */,
			);
			buildRules = (
			);
			dependencies = (
				BA51873E1B7EA55B000FD395 /* PBXTargetDependency */,
			);
			name = FlexibleHeightBarDemoUITests;
			productName = FlexibleHeightBarDemoUITests;
			productReference = BA51873C1B7EA55B000FD395 /* FlexibleHeightBarDemoUITests.xctest */;
			productType = "com.apple.product-type.bundle.ui-testing";
		};
/* End PBXNativeTarget section */

/* Begin PBXProject section */
		BA5187151B7EA55B000FD395 /* Project object */ = {
			isa = PBXProject;
			attributes = {
				LastUpgradeCheck = 0700;
				ORGANIZATIONNAME = "Vicente Suarez";
				TargetAttributes = {
					BA51871C1B7EA55B000FD395 = {
						CreatedOnToolsVersion = 7.0;
					};
					BA5187301B7EA55B000FD395 = {
						CreatedOnToolsVersion = 7.0;
						TestTargetID = BA51871C1B7EA55B000FD395;
					};
					BA51873B1B7EA55B000FD395 = {
						CreatedOnToolsVersion = 7.0;
						TestTargetID = BA51871C1B7EA55B000FD395;
					};
				};
			};
			buildConfigurationList = BA5187181B7EA55B000FD395 /* Build configuration list for PBXProject "FlexibleHeightBarDemo" */;
			compatibilityVersion = "Xcode 3.2";
			developmentRegion = English;
			hasScannedForEncodings = 0;
			knownRegions = (
				en,
				Base,
			);
			mainGroup = BA5187141B7EA55B000FD395;
			productRefGroup = BA51871E1B7EA55B000FD395 /* Products */;
			projectDirPath = "";
			projectRoot = "";
			targets = (
				BA51871C1B7EA55B000FD395 /* FlexibleHeightBarDemo */,
				BA5187301B7EA55B000FD395 /* FlexibleHeightBarDemoTests */,
				BA51873B1B7EA55B000FD395 /* FlexibleHeightBarDemoUITests */,
			);
		};
/* End PBXProject section */

/* Begin PBXResourcesBuildPhase section */
		BA51871B1B7EA55B000FD395 /* Resources */ = {
			isa = PBXResourcesBuildPhase;
			buildActionMask = 2147483647;
			files = (
				BA51872B1B7EA55B000FD395 /* LaunchScreen.storyboard in Resources */,
				BA51876B1B7EA622000FD395 /* Main.storyboard in Resources */,
				BA51875F1B7EA597000FD395 /* FacebookFlexibleHeightBar.xib in Resources */,
				BA5187661B7EA597000FD395 /* SquareCashFlexibleHeightBar.xib in Resources */,
				BA51876D1B7EA647000FD395 /* Assets.xcassets in Resources */,
			);
			runOnlyForDeploymentPostprocessing = 0;
		};
		BA51872F1B7EA55B000FD395 /* Resources */ = {
			isa = PBXResourcesBuildPhase;
			buildActionMask = 2147483647;
			files = (
			);
			runOnlyForDeploymentPostprocessing = 0;
		};
		BA51873A1B7EA55B000FD395 /* Resources */ = {
			isa = PBXResourcesBuildPhase;
			buildActionMask = 2147483647;
			files = (
			);
			runOnlyForDeploymentPostprocessing = 0;
		};
/* End PBXResourcesBuildPhase section */

/* Begin PBXSourcesBuildPhase section */
		BA5187191B7EA55B000FD395 /* Sources */ = {
			isa = PBXSourcesBuildPhase;
			buildActionMask = 2147483647;
			files = (
				BA5187651B7EA597000FD395 /* SquareCashFlexibleHeightBar.swift in Sources */,
				BA5187601B7EA597000FD395 /* FacebookStyleViewController.swift in Sources */,
				BA5187231B7EA55B000FD395 /* ViewController.swift in Sources */,
				BA5187681B7EA597000FD395 /* TableViewDataSourceHandler.swift in Sources */,
				BA51875E1B7EA597000FD395 /* FacebookFlexibleHeightBar.swift in Sources */,
				BA5187691B7EA597000FD395 /* TableViewDelegateHandler.swift in Sources */,
				BA5187211B7EA55B000FD395 /* AppDelegate.swift in Sources */,
				BA51875D1B7EA597000FD395 /* FacebookBarBehaviorDefiner.swift in Sources */,
				BA5187671B7EA597000FD395 /* SquareCashStyleViewController.swift in Sources */,
				BA5187611B7EA597000FD395 /* FlexibleHeightBar.swift in Sources */,
				BA5187631B7EA597000FD395 /* FlexibleHeightBarSubviewLayoutAttributes.swift in Sources */,
				BA51875C1B7EA597000FD395 /* CALayer+XibConfiguration.swift in Sources */,
				BA5187621B7EA597000FD395 /* FlexibleHeightBarBehaviorDefiner.swift in Sources */,
				BA5187641B7EA597000FD395 /* SquareCashBarBehaviorDefiner.swift in Sources */,
			);
			runOnlyForDeploymentPostprocessing = 0;
		};
		BA51872D1B7EA55B000FD395 /* Sources */ = {
			isa = PBXSourcesBuildPhase;
			buildActionMask = 2147483647;
			files = (
				BA5187361B7EA55B000FD395 /* FlexibleHeightBarDemoTests.swift in Sources */,
			);
			runOnlyForDeploymentPostprocessing = 0;
		};
		BA5187381B7EA55B000FD395 /* Sources */ = {
			isa = PBXSourcesBuildPhase;
			buildActionMask = 2147483647;
			files = (
				BA5187411B7EA55B000FD395 /* FlexibleHeightBarDemoUITests.swift in Sources */,
			);
			runOnlyForDeploymentPostprocessing = 0;
		};
/* End PBXSourcesBuildPhase section */

/* Begin PBXTargetDependency section */
		BA5187331B7EA55B000FD395 /* PBXTargetDependency */ = {
			isa = PBXTargetDependency;
			target = BA51871C1B7EA55B000FD395 /* FlexibleHeightBarDemo */;
			targetProxy = BA5187321B7EA55B000FD395 /* PBXContainerItemProxy */;
		};
		BA51873E1B7EA55B000FD395 /* PBXTargetDependency */ = {
			isa = PBXTargetDependency;
			target = BA51871C1B7EA55B000FD395 /* FlexibleHeightBarDemo */;
			targetProxy = BA51873D1B7EA55B000FD395 /* PBXContainerItemProxy */;
		};
/* End PBXTargetDependency section */

/* Begin PBXVariantGroup section */
		BA5187291B7EA55B000FD395 /* LaunchScreen.storyboard */ = {
			isa = PBXVariantGroup;
			children = (
				BA51872A1B7EA55B000FD395 /* Base */,
			);
			name = LaunchScreen.storyboard;
			sourceTree = "<group>";
		};
/* End PBXVariantGroup section */

/* Begin XCBuildConfiguration section */
		BA5187431B7EA55B000FD395 /* Debug */ = {
			isa = XCBuildConfiguration;
			buildSettings = {
				ALWAYS_SEARCH_USER_PATHS = NO;
				CLANG_CXX_LANGUAGE_STANDARD = "gnu++0x";
				CLANG_CXX_LIBRARY = "libc++";
				CLANG_ENABLE_MODULES = YES;
				CLANG_ENABLE_OBJC_ARC = YES;
				CLANG_WARN_BOOL_CONVERSION = YES;
				CLANG_WARN_CONSTANT_CONVERSION = YES;
				CLANG_WARN_DIRECT_OBJC_ISA_USAGE = YES_ERROR;
				CLANG_WARN_EMPTY_BODY = YES;
				CLANG_WARN_ENUM_CONVERSION = YES;
				CLANG_WARN_INT_CONVERSION = YES;
				CLANG_WARN_OBJC_ROOT_CLASS = YES_ERROR;
				CLANG_WARN_UNREACHABLE_CODE = YES;
				CLANG_WARN__DUPLICATE_METHOD_MATCH = YES;
				"CODE_SIGN_IDENTITY[sdk=iphoneos*]" = "iPhone Developer";
				COPY_PHASE_STRIP = NO;
				DEBUG_INFORMATION_FORMAT = dwarf;
				ENABLE_STRICT_OBJC_MSGSEND = YES;
				ENABLE_TESTABILITY = YES;
				GCC_C_LANGUAGE_STANDARD = gnu99;
				GCC_DYNAMIC_NO_PIC = NO;
				GCC_NO_COMMON_BLOCKS = YES;
				GCC_OPTIMIZATION_LEVEL = 0;
				GCC_PREPROCESSOR_DEFINITIONS = (
					"DEBUG=1",
					"$(inherited)",
				);
				GCC_WARN_64_TO_32_BIT_CONVERSION = YES;
				GCC_WARN_ABOUT_RETURN_TYPE = YES_ERROR;
				GCC_WARN_UNDECLARED_SELECTOR = YES;
				GCC_WARN_UNINITIALIZED_AUTOS = YES_AGGRESSIVE;
				GCC_WARN_UNUSED_FUNCTION = YES;
				GCC_WARN_UNUSED_VARIABLE = YES;
				IPHONEOS_DEPLOYMENT_TARGET = 9.0;
				MTL_ENABLE_DEBUG_INFO = YES;
				ONLY_ACTIVE_ARCH = YES;
				SDKROOT = iphoneos;
				SWIFT_OPTIMIZATION_LEVEL = "-Onone";
			};
			name = Debug;
		};
		BA5187441B7EA55B000FD395 /* Release */ = {
			isa = XCBuildConfiguration;
			buildSettings = {
				ALWAYS_SEARCH_USER_PATHS = NO;
				CLANG_CXX_LANGUAGE_STANDARD = "gnu++0x";
				CLANG_CXX_LIBRARY = "libc++";
				CLANG_ENABLE_MODULES = YES;
				CLANG_ENABLE_OBJC_ARC = YES;
				CLANG_WARN_BOOL_CONVERSION = YES;
				CLANG_WARN_CONSTANT_CONVERSION = YES;
				CLANG_WARN_DIRECT_OBJC_ISA_USAGE = YES_ERROR;
				CLANG_WARN_EMPTY_BODY = YES;
				CLANG_WARN_ENUM_CONVERSION = YES;
				CLANG_WARN_INT_CONVERSION = YES;
				CLANG_WARN_OBJC_ROOT_CLASS = YES_ERROR;
				CLANG_WARN_UNREACHABLE_CODE = YES;
				CLANG_WARN__DUPLICATE_METHOD_MATCH = YES;
				"CODE_SIGN_IDENTITY[sdk=iphoneos*]" = "iPhone Developer";
				COPY_PHASE_STRIP = NO;
				DEBUG_INFORMATION_FORMAT = "dwarf-with-dsym";
				ENABLE_NS_ASSERTIONS = NO;
				ENABLE_STRICT_OBJC_MSGSEND = YES;
				GCC_C_LANGUAGE_STANDARD = gnu99;
				GCC_NO_COMMON_BLOCKS = YES;
				GCC_WARN_64_TO_32_BIT_CONVERSION = YES;
				GCC_WARN_ABOUT_RETURN_TYPE = YES_ERROR;
				GCC_WARN_UNDECLARED_SELECTOR = YES;
				GCC_WARN_UNINITIALIZED_AUTOS = YES_AGGRESSIVE;
				GCC_WARN_UNUSED_FUNCTION = YES;
				GCC_WARN_UNUSED_VARIABLE = YES;
				IPHONEOS_DEPLOYMENT_TARGET = 9.0;
				MTL_ENABLE_DEBUG_INFO = NO;
				SDKROOT = iphoneos;
				VALIDATE_PRODUCT = YES;
			};
			name = Release;
		};
		BA5187461B7EA55B000FD395 /* Debug */ = {
			isa = XCBuildConfiguration;
			buildSettings = {
				ASSETCATALOG_COMPILER_APPICON_NAME = AppIcon;
				INFOPLIST_FILE = FlexibleHeightBarDemo/Info.plist;
				LD_RUNPATH_SEARCH_PATHS = "$(inherited) @executable_path/Frameworks";
				PRODUCT_BUNDLE_IDENTIFIER = com.VicenteSuarez.FlexibleHeightBarDemo;
				PRODUCT_NAME = "$(TARGET_NAME)";
			};
			name = Debug;
		};
		BA5187471B7EA55B000FD395 /* Release */ = {
			isa = XCBuildConfiguration;
			buildSettings = {
				ASSETCATALOG_COMPILER_APPICON_NAME = AppIcon;
				INFOPLIST_FILE = FlexibleHeightBarDemo/Info.plist;
				LD_RUNPATH_SEARCH_PATHS = "$(inherited) @executable_path/Frameworks";
				PRODUCT_BUNDLE_IDENTIFIER = com.VicenteSuarez.FlexibleHeightBarDemo;
				PRODUCT_NAME = "$(TARGET_NAME)";
			};
			name = Release;
		};
		BA5187491B7EA55B000FD395 /* Debug */ = {
			isa = XCBuildConfiguration;
			buildSettings = {
				BUNDLE_LOADER = "$(TEST_HOST)";
				INFOPLIST_FILE = FlexibleHeightBarDemoTests/Info.plist;
				LD_RUNPATH_SEARCH_PATHS = "$(inherited) @executable_path/Frameworks @loader_path/Frameworks";
				PRODUCT_BUNDLE_IDENTIFIER = com.VicenteSuarez.FlexibleHeightBarDemoTests;
				PRODUCT_NAME = "$(TARGET_NAME)";
				TEST_HOST = "$(BUILT_PRODUCTS_DIR)/FlexibleHeightBarDemo.app/FlexibleHeightBarDemo";
			};
			name = Debug;
		};
		BA51874A1B7EA55B000FD395 /* Release */ = {
			isa = XCBuildConfiguration;
			buildSettings = {
				BUNDLE_LOADER = "$(TEST_HOST)";
				INFOPLIST_FILE = FlexibleHeightBarDemoTests/Info.plist;
				LD_RUNPATH_SEARCH_PATHS = "$(inherited) @executable_path/Frameworks @loader_path/Frameworks";
				PRODUCT_BUNDLE_IDENTIFIER = com.VicenteSuarez.FlexibleHeightBarDemoTests;
				PRODUCT_NAME = "$(TARGET_NAME)";
				TEST_HOST = "$(BUILT_PRODUCTS_DIR)/FlexibleHeightBarDemo.app/FlexibleHeightBarDemo";
			};
			name = Release;
		};
		BA51874C1B7EA55B000FD395 /* Debug */ = {
			isa = XCBuildConfiguration;
			buildSettings = {
				INFOPLIST_FILE = FlexibleHeightBarDemoUITests/Info.plist;
				LD_RUNPATH_SEARCH_PATHS = "$(inherited) @executable_path/Frameworks @loader_path/Frameworks";
				PRODUCT_BUNDLE_IDENTIFIER = com.VicenteSuarez.FlexibleHeightBarDemoUITests;
				PRODUCT_NAME = "$(TARGET_NAME)";
				TEST_TARGET_NAME = FlexibleHeightBarDemo;
				USES_XCTRUNNER = YES;
			};
			name = Debug;
		};
		BA51874D1B7EA55B000FD395 /* Release */ = {
			isa = XCBuildConfiguration;
			buildSettings = {
				INFOPLIST_FILE = FlexibleHeightBarDemoUITests/Info.plist;
				LD_RUNPATH_SEARCH_PATHS = "$(inherited) @executable_path/Frameworks @loader_path/Frameworks";
				PRODUCT_BUNDLE_IDENTIFIER = com.VicenteSuarez.FlexibleHeightBarDemoUITests;
				PRODUCT_NAME = "$(TARGET_NAME)";
				TEST_TARGET_NAME = FlexibleHeightBarDemo;
				USES_XCTRUNNER = YES;
			};
			name = Release;
		};
/* End XCBuildConfiguration section */

/* Begin XCConfigurationList section */
		BA5187181B7EA55B000FD395 /* Build configuration list for PBXProject "FlexibleHeightBarDemo" */ = {
			isa = XCConfigurationList;
			buildConfigurations = (
				BA5187431B7EA55B000FD395 /* Debug */,
				BA5187441B7EA55B000FD395 /* Release */,
			);
			defaultConfigurationIsVisible = 0;
			defaultConfigurationName = Release;
		};
		BA5187451B7EA55B000FD395 /* Build configuration list for PBXNativeTarget "FlexibleHeightBarDemo" */ = {
			isa = XCConfigurationList;
			buildConfigurations = (
				BA5187461B7EA55B000FD395 /* Debug */,
				BA5187471B7EA55B000FD395 /* Release */,
			);
			defaultConfigurationIsVisible = 0;
		};
		BA5187481B7EA55B000FD395 /* Build configuration list for PBXNativeTarget "FlexibleHeightBarDemoTests" */ = {
			isa = XCConfigurationList;
			buildConfigurations = (
				BA5187491B7EA55B000FD395 /* Debug */,
				BA51874A1B7EA55B000FD395 /* Release */,
			);
			defaultConfigurationIsVisible = 0;
		};
		BA51874B1B7EA55B000FD395 /* Build configuration list for PBXNativeTarget "FlexibleHeightBarDemoUITests" */ = {
			isa = XCConfigurationList;
			buildConfigurations = (
				BA51874C1B7EA55B000FD395 /* Debug */,
				BA51874D1B7EA55B000FD395 /* Release */,
			);
			defaultConfigurationIsVisible = 0;
		};
/* End XCConfigurationList section */
	};
	rootObject = BA5187151B7EA55B000FD395 /* Project object */;
}
